hash: dff75a8849900374df5538b0b9d7db2139b60baca2023e579c642ecfe0b90e07
updated: 2016-04-02T15:55:52.84514542+01:00
imports:
- name: github.com/quipo/statsd
  version: 494c2067718d0c58116be15337f466e393273617
  subpackages:
  - event
- name: github.com/stretchr/testify
  version: 6fe211e493929a8aac0469b93f28b1d0688a9a3a
devImports: []
